
Microsoft Visual Studio Solution File, Format Version 12.00
# Visual Studio Version 17
VisualStudioVersion = 17.4.33213.308
MinimumVisualStudioVersion = 10.0.40219.1
Project("{FAE04EC0-301F-11D3-BF4B-00C04F79EFBC}") = "WpfDashboard", "WpfDashboard.csproj", "{FD908809-994E-49BC-947A-52A05D8ACCF5}"
EndProject
Global
	GlobalSection(SolutionConfigurationPlatforms) = preSolution
		Debug|Any CPU = Debug|Any CPU
		Release|Any CPU = Release|Any CPU
	EndGlobalSection
	GlobalSection(ProjectConfigurationPlatforms) = postSolution
		{FD908809-994E-49BC-947A-52A05D8ACCF5}.Debug|Any CPU.ActiveCfg = Debug|Any CPU
		{FD908809-994E-49BC-947A-52A05D8ACCF5}.Debug|Any CPU.Build.0 = Debug|Any CPU
		{FD908809-994E-49BC-947A-52A05D8ACCF5}.Release|Any CPU.ActiveCfg = Release|Any CPU
		{FD908809-994E-49BC-947A-52A05D8ACCF5}.Release|Any CPU.Build.0 = Release|Any CPU
	EndGlobalSection
	GlobalSection(SolutionProperties) = preSolution
		HideSolutionNode = FALSE
	EndGlobalSection
	GlobalSection(ExtensibilityGlobals) = postSolution
		SolutionGuid = {F7B61A01-2D18-4192-BF84-37E35226F270}
	EndGlobalSection
EndGlobal
